
Microsoft Visual Studio Solution File, Format Version 12.00
# Visual Studio Version 17
VisualStudioVersion = 17.3.32611.2
MinimumVisualStudioVersion = 10.0.40219.1
Project("{FAE04EC0-301F-11D3-BF4B-00C04F79EFBC}") = "eCommerce.Api", "eCommerce.Api\eCommerce.Api.csproj", "{E159B275-931D-4964-846D-2971F21339A1}"
EndProject
Global
	GlobalSection(SolutionConfigurationPlatforms) = preSolution
		Debug|Any CPU = Debug|Any CPU
		Release|Any CPU = Release|Any CPU
	EndGlobalSection
	GlobalSection(ProjectConfigurationPlatforms) = postSolution
		{E159B275-931D-4964-846D-2971F21339A1}.Debug|Any CPU.ActiveCfg = Debug|Any CPU
		{E159B275-931D-4964-846D-2971F21339A1}.Debug|Any CPU.Build.0 = Debug|Any CPU
		{E159B275-931D-4964-846D-2971F21339A1}.Release|Any CPU.ActiveCfg = Release|Any CPU
		{E159B275-931D-4964-846D-2971F21339A1}.Release|Any CPU.Build.0 = Release|Any CPU
	EndGlobalSection
	GlobalSection(SolutionProperties) = preSolution
		HideSolutionNode = FALSE
	EndGlobalSection
	GlobalSection(ExtensibilityGlobals) = postSolution
		SolutionGuid = {13B9182F-3B10-47A1-AE21-608F24F794AB}
	EndGlobalSection
EndGlobal
